# THIS IS AN AUTOGENERATED FILE. DO NOT EDIT THIS FILE DIRECTLY.
# yarn lockfile v1


oni-api@^0.0.42:
  version "0.0.42"
  resolved "https://registry.yarnpkg.com/oni-api/-/oni-api-0.0.42.tgz#79cab4289809bda1c7b86590119f0c7aaa5a053e"

oni-types@^0.0.4:
  version "0.0.4"
  resolved "https://registry.yarnpkg.com/oni-types/-/oni-types-0.0.4.tgz#97bc435565d5f4c3bdc50bd1700fd24dd5b6704b"
